
Microsoft Visual Studio Solution File, Format Version 12.00
# Visual Studio Version 17
VisualStudioVersion = 17.0.31903.59
MinimumVisualStudioVersion = 10.0.40219.1
Project("{FAE04EC0-301F-11D3-BF4B-00C04F79EFBC}") = "Web.API", "src\Web.API\Web.API.csproj", "{25CE8D21-ACC1-4043-A485-ACDBD986F8D3}"
EndProject
Project("{FAE04EC0-301F-11D3-BF4B-00C04F79EFBC}") = "Application", "src\Application\Application.csproj", "{5135957A-31B5-433F-AF38-9B9C6B1F4997}"
EndProject
Project("{FAE04EC0-301F-11D3-BF4B-00C04F79EFBC}") = "Infraestructure", "src\Infraestructure\Infraestructure.csproj", "{8915E945-E447-48E9-8EB2-251CAE2AA2FC}"
EndProject
Project("{FAE04EC0-301F-11D3-BF4B-00C04F79EFBC}") = "Domain", "src\Domain\Domain.csproj", "{1A386902-6686-4004-B2E5-1F054F594498}"
EndProject
Project("{2150E333-8FDC-42A3-9474-1A3956D46DE8}") = "tests", "tests", "{43B9B5EE-CD22-47A0-B6B8-26FA198A06A5}"
EndProject
Project("{2150E333-8FDC-42A3-9474-1A3956D46DE8}") = "UnitTests", "UnitTests", "{C90CB133-76E7-434D-99CD-0224CF6A345F}"
EndProject
Project("{FAE04EC0-301F-11D3-BF4B-00C04F79EFBC}") = "Application.Customers.UnitTests", "tests\UnitTests\Application.Customers.UnitTests\Application.Customers.UnitTests.csproj", "{F9AB0BA9-39E9-44BA-B7FD-02FA48E046CA}"
EndProject
Global
	GlobalSection(SolutionConfigurationPlatforms) = preSolution
		Debug|Any CPU = Debug|Any CPU
		Release|Any CPU = Release|Any CPU
	EndGlobalSection
	GlobalSection(SolutionProperties) = preSolution
		HideSolutionNode = FALSE
	EndGlobalSection
	GlobalSection(ProjectConfigurationPlatforms) = postSolution
		{25CE8D21-ACC1-4043-A485-ACDBD986F8D3}.Debug|Any CPU.ActiveCfg = Debug|Any CPU
		{25CE8D21-ACC1-4043-A485-ACDBD986F8D3}.Debug|Any CPU.Build.0 = Debug|Any CPU
		{25CE8D21-ACC1-4043-A485-ACDBD986F8D3}.Release|Any CPU.ActiveCfg = Release|Any CPU
		{25CE8D21-ACC1-4043-A485-ACDBD986F8D3}.Release|Any CPU.Build.0 = Release|Any CPU
		{5135957A-31B5-433F-AF38-9B9C6B1F4997}.Debug|Any CPU.ActiveCfg = Debug|Any CPU
		{5135957A-31B5-433F-AF38-9B9C6B1F4997}.Debug|Any CPU.Build.0 = Debug|Any CPU
		{5135957A-31B5-433F-AF38-9B9C6B1F4997}.Release|Any CPU.ActiveCfg = Release|Any CPU
		{5135957A-31B5-433F-AF38-9B9C6B1F4997}.Release|Any CPU.Build.0 = Release|Any CPU
		{8915E945-E447-48E9-8EB2-251CAE2AA2FC}.Debug|Any CPU.ActiveCfg = Debug|Any CPU
		{8915E945-E447-48E9-8EB2-251CAE2AA2FC}.Debug|Any CPU.Build.0 = Debug|Any CPU
		{8915E945-E447-48E9-8EB2-251CAE2AA2FC}.Release|Any CPU.ActiveCfg = Release|Any CPU
		{8915E945-E447-48E9-8EB2-251CAE2AA2FC}.Release|Any CPU.Build.0 = Release|Any CPU
		{1A386902-6686-4004-B2E5-1F054F594498}.Debug|Any CPU.ActiveCfg = Debug|Any CPU
		{1A386902-6686-4004-B2E5-1F054F594498}.Debug|Any CPU.Build.0 = Debug|Any CPU
		{1A386902-6686-4004-B2E5-1F054F594498}.Release|Any CPU.ActiveCfg = Release|Any CPU
		{1A386902-6686-4004-B2E5-1F054F594498}.Release|Any CPU.Build.0 = Release|Any CPU
		{F9AB0BA9-39E9-44BA-B7FD-02FA48E046CA}.Debug|Any CPU.ActiveCfg = Debug|Any CPU
		{F9AB0BA9-39E9-44BA-B7FD-02FA48E046CA}.Debug|Any CPU.Build.0 = Debug|Any CPU
		{F9AB0BA9-39E9-44BA-B7FD-02FA48E046CA}.Release|Any CPU.ActiveCfg = Release|Any CPU
		{F9AB0BA9-39E9-44BA-B7FD-02FA48E046CA}.Release|Any CPU.Build.0 = Release|Any CPU
	EndGlobalSection
	GlobalSection(NestedProjects) = preSolution
		{C90CB133-76E7-434D-99CD-0224CF6A345F} = {43B9B5EE-CD22-47A0-B6B8-26FA198A06A5}
		{F9AB0BA9-39E9-44BA-B7FD-02FA48E046CA} = {C90CB133-76E7-434D-99CD-0224CF6A345F}
	EndGlobalSection
EndGlobal
